
Microsoft Visual Studio Solution File, Format Version 12.00
# Visual Studio Version 17
VisualStudioVersion = 17.6.33712.159
MinimumVisualStudioVersion = 10.0.40219.1
Project("{FAE04EC0-301F-11D3-BF4B-00C04F79EFBC}") = "MessangerGB", "MessangerGB\MessangerGB.csproj", "{EC423479-3A5D-47EC-8363-D847BF671FC0}"
EndProject
Global
	GlobalSection(SolutionConfigurationPlatforms) = preSolution
		Debug|Any CPU = Debug|Any CPU
		Release|Any CPU = Release|Any CPU
	EndGlobalSection
	GlobalSection(ProjectConfigurationPlatforms) = postSolution
		{EC423479-3A5D-47EC-8363-D847BF671FC0}.Debug|Any CPU.ActiveCfg = Debug|Any CPU
		{EC423479-3A5D-47EC-8363-D847BF671FC0}.Debug|Any CPU.Build.0 = Debug|Any CPU
		{EC423479-3A5D-47EC-8363-D847BF671FC0}.Release|Any CPU.ActiveCfg = Release|Any CPU
		{EC423479-3A5D-47EC-8363-D847BF671FC0}.Release|Any CPU.Build.0 = Release|Any CPU
	EndGlobalSection
	GlobalSection(SolutionProperties) = preSolution
		HideSolutionNode = FALSE
	EndGlobalSection
	GlobalSection(ExtensibilityGlobals) = postSolution
		SolutionGuid = {48E31BC9-F88F-4CBF-BFBE-1DA49520EA9D}
	EndGlobalSection
EndGlobal
